
Microsoft Visual Studio Solution File, Format Version 12.00
# Visual Studio Version 17
VisualStudioVersion = 17.4.33213.308
MinimumVisualStudioVersion = 10.0.40219.1
Project("{FAE04EC0-301F-11D3-BF4B-00C04F79EFBC}") = "WeatherService.Web", "WeatherService.Web\WeatherService.Web.csproj", "{C30E9465-1270-466E-9DB4-5CEBFED942E6}"
EndProject
Project("{FAE04EC0-301F-11D3-BF4B-00C04F79EFBC}") = "WeatherService.Data", "WeatherService.Data\WeatherService.Data.csproj", "{21DE42F5-EBF1-486B-AC9F-BA6574AFEF12}"
EndProject
Global
	GlobalSection(SolutionConfigurationPlatforms) = preSolution
		Debug|Any CPU = Debug|Any CPU
		Release|Any CPU = Release|Any CPU
	EndGlobalSection
	GlobalSection(ProjectConfigurationPlatforms) = postSolution
		{C30E9465-1270-466E-9DB4-5CEBFED942E6}.Debug|Any CPU.ActiveCfg = Debug|Any CPU
		{C30E9465-1270-466E-9DB4-5CEBFED942E6}.Debug|Any CPU.Build.0 = Debug|Any CPU
		{C30E9465-1270-466E-9DB4-5CEBFED942E6}.Release|Any CPU.ActiveCfg = Release|Any CPU
		{C30E9465-1270-466E-9DB4-5CEBFED942E6}.Release|Any CPU.Build.0 = Release|Any CPU
		{21DE42F5-EBF1-486B-AC9F-BA6574AFEF12}.Debug|Any CPU.ActiveCfg = Debug|Any CPU
		{21DE42F5-EBF1-486B-AC9F-BA6574AFEF12}.Debug|Any CPU.Build.0 = Debug|Any CPU
		{21DE42F5-EBF1-486B-AC9F-BA6574AFEF12}.Release|Any CPU.ActiveCfg = Release|Any CPU
		{21DE42F5-EBF1-486B-AC9F-BA6574AFEF12}.Release|Any CPU.Build.0 = Release|Any CPU
	EndGlobalSection
	GlobalSection(SolutionProperties) = preSolution
		HideSolutionNode = FALSE
	EndGlobalSection
	GlobalSection(ExtensibilityGlobals) = postSolution
		SolutionGuid = {09F43F3B-C3EA-43D4-8DC7-2A83BF5004B3}
	EndGlobalSection
EndGlobal
